
Microsoft Visual Studio Solution File, Format Version 12.00
# Visual Studio Version 18
VisualStudioVersion = 18.1.11312.151
MinimumVisualStudioVersion = 10.0.40219.1
Project("{FAE04EC0-301F-11D3-BF4B-00C04F79EFBC}") = "Verbex", "Verbex\Verbex.csproj", "{6788F8CD-9CF6-4CE4-B431-D5EB368AA98C}"
EndProject
Project("{FAE04EC0-301F-11D3-BF4B-00C04F79EFBC}") = "Verbex.Server", "Verbex.Server\Verbex.Server.csproj", "{B87FCF32-E741-420D-83C8-187D6473FC2F}"
EndProject
Project("{FAE04EC0-301F-11D3-BF4B-00C04F79EFBC}") = "TestConsole", "TestConsole\TestConsole.csproj", "{634C5816-1088-4524-93BA-0DEFB9A5D3A8}"
EndProject
Project("{FAE04EC0-301F-11D3-BF4B-00C04F79EFBC}") = "VerbexCli", "VerbexCli\VerbexCli.csproj", "{D53E5A93-3D9F-49FD-813C-7EF8546773BD}"
EndProject
Project("{FAE04EC0-301F-11D3-BF4B-00C04F79EFBC}") = "Verbex.Mcp", "Verbex.Mcp\Verbex.Mcp.csproj", "{C2DB7F09-D547-46B5-95D6-E5BF3E4D888B}"
EndProject
Project("{FAE04EC0-301F-11D3-BF4B-00C04F79EFBC}") = "Test.Mcp", "Test.Mcp\Test.Mcp.csproj", "{34F281C5-06ED-452D-8F77-6B882B110D22}"
EndProject
Project("{FAE04EC0-301F-11D3-BF4B-00C04F79EFBC}") = "Verbex.Sdk", "..\sdk\csharp\Verbex.Sdk\Verbex.Sdk.csproj", "{9991334D-C75C-55A7-890F-898B9B1B9526}"
EndProject
Project("{FAE04EC0-301F-11D3-BF4B-00C04F79EFBC}") = "Verbex.Sdk.TestHarness", "..\sdk\csharp\Verbex.Sdk.TestHarness\Verbex.Sdk.TestHarness.csproj", "{51FAFD9F-5EAB-D88C-BD50-FC498895AE58}"
EndProject
Project("{FAE04EC0-301F-11D3-BF4B-00C04F79EFBC}") = "Test.Shared", "Test.Shared\Test.Shared.csproj", "{7B07359E-C7B0-4C29-889C-A38AEEC0B959}"
EndProject
Project("{FAE04EC0-301F-11D3-BF4B-00C04F79EFBC}") = "Test.Automated", "Test.Automated\Test.Automated.csproj", "{B6796315-D231-41DD-8626-93E058B313E0}"
EndProject
Project("{FAE04EC0-301F-11D3-BF4B-00C04F79EFBC}") = "Test.Xunit", "Test.Xunit\Test.Xunit.csproj", "{B884B15F-4719-493C-A34A-808E08D74BEE}"
EndProject
Project("{FAE04EC0-301F-11D3-BF4B-00C04F79EFBC}") = "Test.Nunit", "Test.Nunit\Test.Nunit.csproj", "{1C678665-6216-4E53-B3C0-C5FD0D616945}"
EndProject
Global
	GlobalSection(SolutionConfigurationPlatforms) = preSolution
		Debug|Any CPU = Debug|Any CPU
		Debug|x64 = Debug|x64
		Debug|x86 = Debug|x86
		Release|Any CPU = Release|Any CPU
		Release|x64 = Release|x64
		Release|x86 = Release|x86
	EndGlobalSection
	GlobalSection(ProjectConfigurationPlatforms) = postSolution
		{6788F8CD-9CF6-4CE4-B431-D5EB368AA98C}.Debug|Any CPU.ActiveCfg = Debug|Any CPU
		{6788F8CD-9CF6-4CE4-B431-D5EB368AA98C}.Debug|Any CPU.Build.0 = Debug|Any CPU
		{6788F8CD-9CF6-4CE4-B431-D5EB368AA98C}.Debug|x64.ActiveCfg = Debug|Any CPU
		{6788F8CD-9CF6-4CE4-B431-D5EB368AA98C}.Debug|x64.Build.0 = Debug|Any CPU
		{6788F8CD-9CF6-4CE4-B431-D5EB368AA98C}.Debug|x86.ActiveCfg = Debug|Any CPU
		{6788F8CD-9CF6-4CE4-B431-D5EB368AA98C}.Debug|x86.Build.0 = Debug|Any CPU
		{6788F8CD-9CF6-4CE4-B431-D5EB368AA98C}.Release|Any CPU.ActiveCfg = Release|Any CPU
		{6788F8CD-9CF6-4CE4-B431-D5EB368AA98C}.Release|Any CPU.Build.0 = Release|Any CPU
		{6788F8CD-9CF6-4CE4-B431-D5EB368AA98C}.Release|x64.ActiveCfg = Release|Any CPU
		{6788F8CD-9CF6-4CE4-B431-D5EB368AA98C}.Release|x64.Build.0 = Release|Any CPU
		{6788F8CD-9CF6-4CE4-B431-D5EB368AA98C}.Release|x86.ActiveCfg = Release|Any CPU
		{6788F8CD-9CF6-4CE4-B431-D5EB368AA98C}.Release|x86.Build.0 = Release|Any CPU
		{B87FCF32-E741-420D-83C8-187D6473FC2F}.Debug|Any CPU.ActiveCfg = Debug|Any CPU
		{B87FCF32-E741-420D-83C8-187D6473FC2F}.Debug|Any CPU.Build.0 = Debug|Any CPU
		{B87FCF32-E741-420D-83C8-187D6473FC2F}.Debug|x64.ActiveCfg = Debug|Any CPU
		{B87FCF32-E741-420D-83C8-187D6473FC2F}.Debug|x64.Build.0 = Debug|Any CPU
		{B87FCF32-E741-420D-83C8-187D6473FC2F}.Debug|x86.ActiveCfg = Debug|Any CPU
		{B87FCF32-E741-420D-83C8-187D6473FC2F}.Debug|x86.Build.0 = Debug|Any CPU
		{B87FCF32-E741-420D-83C8-187D6473FC2F}.Release|Any CPU.ActiveCfg = Release|Any CPU
		{B87FCF32-E741-420D-83C8-187D6473FC2F}.Release|Any CPU.Build.0 = Release|Any CPU
		{B87FCF32-E741-420D-83C8-187D6473FC2F}.Release|x64.ActiveCfg = Release|Any CPU
		{B87FCF32-E741-420D-83C8-187D6473FC2F}.Release|x64.Build.0 = Release|Any CPU
		{B87FCF32-E741-420D-83C8-187D6473FC2F}.Release|x86.ActiveCfg = Release|Any CPU
		{B87FCF32-E741-420D-83C8-187D6473FC2F}.Release|x86.Build.0 = Release|Any CPU
		{634C5816-1088-4524-93BA-0DEFB9A5D3A8}.Debug|Any CPU.ActiveCfg = Debug|Any CPU
		{634C5816-1088-4524-93BA-0DEFB9A5D3A8}.Debug|Any CPU.Build.0 = Debug|Any CPU
		{634C5816-1088-4524-93BA-0DEFB9A5D3A8}.Debug|x64.ActiveCfg = Debug|Any CPU
		{634C5816-1088-4524-93BA-0DEFB9A5D3A8}.Debug|x64.Build.0 = Debug|Any CPU
		{634C5816-1088-4524-93BA-0DEFB9A5D3A8}.Debug|x86.ActiveCfg = Debug|Any CPU
		{634C5816-1088-4524-93BA-0DEFB9A5D3A8}.Debug|x86.Build.0 = Debug|Any CPU
		{634C5816-1088-4524-93BA-0DEFB9A5D3A8}.Release|Any CPU.ActiveCfg = Release|Any CPU
		{634C5816-1088-4524-93BA-0DEFB9A5D3A8}.Release|Any CPU.Build.0 = Release|Any CPU
		{634C5816-1088-4524-93BA-0DEFB9A5D3A8}.Release|x64.ActiveCfg = Release|Any CPU
		{634C5816-1088-4524-93BA-0DEFB9A5D3A8}.Release|x64.Build.0 = Release|Any CPU
		{634C5816-1088-4524-93BA-0DEFB9A5D3A8}.Release|x86.ActiveCfg = Release|Any CPU
		{634C5816-1088-4524-93BA-0DEFB9A5D3A8}.Release|x86.Build.0 = Release|Any CPU
		{D53E5A93-3D9F-49FD-813C-7EF8546773BD}.Debug|Any CPU.ActiveCfg = Debug|Any CPU
		{D53E5A93-3D9F-49FD-813C-7EF8546773BD}.Debug|Any CPU.Build.0 = Debug|Any CPU
		{D53E5A93-3D9F-49FD-813C-7EF8546773BD}.Debug|x64.ActiveCfg = Debug|Any CPU
		{D53E5A93-3D9F-49FD-813C-7EF8546773BD}.Debug|x64.Build.0 = Debug|Any CPU
		{D53E5A93-3D9F-49FD-813C-7EF8546773BD}.Debug|x86.ActiveCfg = Debug|Any CPU
		{D53E5A93-3D9F-49FD-813C-7EF8546773BD}.Debug|x86.Build.0 = Debug|Any CPU
		{D53E5A93-3D9F-49FD-813C-7EF8546773BD}.Release|Any CPU.ActiveCfg = Release|Any CPU
		{D53E5A93-3D9F-49FD-813C-7EF8546773BD}.Release|Any CPU.Build.0 = Release|Any CPU
		{D53E5A93-3D9F-49FD-813C-7EF8546773BD}.Release|x64.ActiveCfg = Release|Any CPU
		{D53E5A93-3D9F-49FD-813C-7EF8546773BD}.Release|x64.Build.0 = Release|Any CPU
		{D53E5A93-3D9F-49FD-813C-7EF8546773BD}.Release|x86.ActiveCfg = Release|Any CPU
		{D53E5A93-3D9F-49FD-813C-7EF8546773BD}.Release|x86.Build.0 = Release|Any CPU
		{C2DB7F09-D547-46B5-95D6-E5BF3E4D888B}.Debug|Any CPU.ActiveCfg = Debug|Any CPU
		{C2DB7F09-D547-46B5-95D6-E5BF3E4D888B}.Debug|Any CPU.Build.0 = Debug|Any CPU
		{C2DB7F09-D547-46B5-95D6-E5BF3E4D888B}.Debug|x64.ActiveCfg = Debug|Any CPU
		{C2DB7F09-D547-46B5-95D6-E5BF3E4D888B}.Debug|x64.Build.0 = Debug|Any CPU
		{C2DB7F09-D547-46B5-95D6-E5BF3E4D888B}.Debug|x86.ActiveCfg = Debug|Any CPU
		{C2DB7F09-D547-46B5-95D6-E5BF3E4D888B}.Debug|x86.Build.0 = Debug|Any CPU
		{C2DB7F09-D547-46B5-95D6-E5BF3E4D888B}.Release|Any CPU.ActiveCfg = Release|Any CPU
		{C2DB7F09-D547-46B5-95D6-E5BF3E4D888B}.Release|Any CPU.Build.0 = Release|Any CPU
		{C2DB7F09-D547-46B5-95D6-E5BF3E4D888B}.Release|x64.ActiveCfg = Release|Any CPU
		{C2DB7F09-D547-46B5-95D6-E5BF3E4D888B}.Release|x64.Build.0 = Release|Any CPU
		{C2DB7F09-D547-46B5-95D6-E5BF3E4D888B}.Release|x86.ActiveCfg = Release|Any CPU
		{C2DB7F09-D547-46B5-95D6-E5BF3E4D888B}.Release|x86.Build.0 = Release|Any CPU
		{34F281C5-06ED-452D-8F77-6B882B110D22}.Debug|Any CPU.ActiveCfg = Debug|Any CPU
		{34F281C5-06ED-452D-8F77-6B882B110D22}.Debug|Any CPU.Build.0 = Debug|Any CPU
		{34F281C5-06ED-452D-8F77-6B882B110D22}.Debug|x64.ActiveCfg = Debug|Any CPU
		{34F281C5-06ED-452D-8F77-6B882B110D22}.Debug|x64.Build.0 = Debug|Any CPU
		{34F281C5-06ED-452D-8F77-6B882B110D22}.Debug|x86.ActiveCfg = Debug|Any CPU
		{34F281C5-06ED-452D-8F77-6B882B110D22}.Debug|x86.Build.0 = Debug|Any CPU
		{34F281C5-06ED-452D-8F77-6B882B110D22}.Release|Any CPU.ActiveCfg = Release|Any CPU
		{34F281C5-06ED-452D-8F77-6B882B110D22}.Release|Any CPU.Build.0 = Release|Any CPU
		{34F281C5-06ED-452D-8F77-6B882B110D22}.Release|x64.ActiveCfg = Release|Any CPU
		{34F281C5-06ED-452D-8F77-6B882B110D22}.Release|x64.Build.0 = Release|Any CPU
		{34F281C5-06ED-452D-8F77-6B882B110D22}.Release|x86.ActiveCfg = Release|Any CPU
		{34F281C5-06ED-452D-8F77-6B882B110D22}.Release|x86.Build.0 = Release|Any CPU
		{9991334D-C75C-55A7-890F-898B9B1B9526}.Debug|Any CPU.ActiveCfg = Debug|Any CPU
		{9991334D-C75C-55A7-890F-898B9B1B9526}.Debug|Any CPU.Build.0 = Debug|Any CPU
		{9991334D-C75C-55A7-890F-898B9B1B9526}.Debug|x64.ActiveCfg = Debug|Any CPU
		{9991334D-C75C-55A7-890F-898B9B1B9526}.Debug|x64.Build.0 = Debug|Any CPU
		{9991334D-C75C-55A7-890F-898B9B1B9526}.Debug|x86.ActiveCfg = Debug|Any CPU
		{9991334D-C75C-55A7-890F-898B9B1B9526}.Debug|x86.Build.0 = Debug|Any CPU
		{9991334D-C75C-55A7-890F-898B9B1B9526}.Release|Any CPU.ActiveCfg = Release|Any CPU
		{9991334D-C75C-55A7-890F-898B9B1B9526}.Release|Any CPU.Build.0 = Release|Any CPU
		{9991334D-C75C-55A7-890F-898B9B1B9526}.Release|x64.ActiveCfg = Release|Any CPU
		{9991334D-C75C-55A7-890F-898B9B1B9526}.Release|x64.Build.0 = Release|Any CPU
		{9991334D-C75C-55A7-890F-898B9B1B9526}.Release|x86.ActiveCfg = Release|Any CPU
		{9991334D-C75C-55A7-890F-898B9B1B9526}.Release|x86.Build.0 = Release|Any CPU
		{51FAFD9F-5EAB-D88C-BD50-FC498895AE58}.Debug|Any CPU.ActiveCfg = Debug|Any CPU
		{51FAFD9F-5EAB-D88C-BD50-FC498895AE58}.Debug|Any CPU.Build.0 = Debug|Any CPU
		{51FAFD9F-5EAB-D88C-BD50-FC498895AE58}.Debug|x64.ActiveCfg = Debug|Any CPU
		{51FAFD9F-5EAB-D88C-BD50-FC498895AE58}.Debug|x64.Build.0 = Debug|Any CPU
		{51FAFD9F-5EAB-D88C-BD50-FC498895AE58}.Debug|x86.ActiveCfg = Debug|Any CPU
		{51FAFD9F-5EAB-D88C-BD50-FC498895AE58}.Debug|x86.Build.0 = Debug|Any CPU
		{51FAFD9F-5EAB-D88C-BD50-FC498895AE58}.Release|Any CPU.ActiveCfg = Release|Any CPU
		{51FAFD9F-5EAB-D88C-BD50-FC498895AE58}.Release|Any CPU.Build.0 = Release|Any CPU
		{51FAFD9F-5EAB-D88C-BD50-FC498895AE58}.Release|x64.ActiveCfg = Release|Any CPU
		{51FAFD9F-5EAB-D88C-BD50-FC498895AE58}.Release|x64.Build.0 = Release|Any CPU
		{51FAFD9F-5EAB-D88C-BD50-FC498895AE58}.Release|x86.ActiveCfg = Release|Any CPU
		{51FAFD9F-5EAB-D88C-BD50-FC498895AE58}.Release|x86.Build.0 = Release|Any CPU
		{7B07359E-C7B0-4C29-889C-A38AEEC0B959}.Debug|Any CPU.ActiveCfg = Debug|Any CPU
		{7B07359E-C7B0-4C29-889C-A38AEEC0B959}.Debug|Any CPU.Build.0 = Debug|Any CPU
		{7B07359E-C7B0-4C29-889C-A38AEEC0B959}.Debug|x64.ActiveCfg = Debug|Any CPU
		{7B07359E-C7B0-4C29-889C-A38AEEC0B959}.Debug|x64.Build.0 = Debug|Any CPU
		{7B07359E-C7B0-4C29-889C-A38AEEC0B959}.Debug|x86.ActiveCfg = Debug|Any CPU
		{7B07359E-C7B0-4C29-889C-A38AEEC0B959}.Debug|x86.Build.0 = Debug|Any CPU
		{7B07359E-C7B0-4C29-889C-A38AEEC0B959}.Release|Any CPU.ActiveCfg = Release|Any CPU
		{7B07359E-C7B0-4C29-889C-A38AEEC0B959}.Release|Any CPU.Build.0 = Release|Any CPU
		{7B07359E-C7B0-4C29-889C-A38AEEC0B959}.Release|x64.ActiveCfg = Release|Any CPU
		{7B07359E-C7B0-4C29-889C-A38AEEC0B959}.Release|x64.Build.0 = Release|Any CPU
		{7B07359E-C7B0-4C29-889C-A38AEEC0B959}.Release|x86.ActiveCfg = Release|Any CPU
		{7B07359E-C7B0-4C29-889C-A38AEEC0B959}.Release|x86.Build.0 = Release|Any CPU
		{B6796315-D231-41DD-8626-93E058B313E0}.Debug|Any CPU.ActiveCfg = Debug|Any CPU
		{B6796315-D231-41DD-8626-93E058B313E0}.Debug|Any CPU.Build.0 = Debug|Any CPU
		{B6796315-D231-41DD-8626-93E058B313E0}.Debug|x64.ActiveCfg = Debug|Any CPU
		{B6796315-D231-41DD-8626-93E058B313E0}.Debug|x64.Build.0 = Debug|Any CPU
		{B6796315-D231-41DD-8626-93E058B313E0}.Debug|x86.ActiveCfg = Debug|Any CPU
		{B6796315-D231-41DD-8626-93E058B313E0}.Debug|x86.Build.0 = Debug|Any CPU
		{B6796315-D231-41DD-8626-93E058B313E0}.Release|Any CPU.ActiveCfg = Release|Any CPU
		{B6796315-D231-41DD-8626-93E058B313E0}.Release|Any CPU.Build.0 = Release|Any CPU
		{B6796315-D231-41DD-8626-93E058B313E0}.Release|x64.ActiveCfg = Release|Any CPU
		{B6796315-D231-41DD-8626-93E058B313E0}.Release|x64.Build.0 = Release|Any CPU
		{B6796315-D231-41DD-8626-93E058B313E0}.Release|x86.ActiveCfg = Release|Any CPU
		{B6796315-D231-41DD-8626-93E058B313E0}.Release|x86.Build.0 = Release|Any CPU
		{B884B15F-4719-493C-A34A-808E08D74BEE}.Debug|Any CPU.ActiveCfg = Debug|Any CPU
		{B884B15F-4719-493C-A34A-808E08D74BEE}.Debug|Any CPU.Build.0 = Debug|Any CPU
		{B884B15F-4719-493C-A34A-808E08D74BEE}.Debug|x64.ActiveCfg = Debug|Any CPU
		{B884B15F-4719-493C-A34A-808E08D74BEE}.Debug|x64.Build.0 = Debug|Any CPU
		{B884B15F-4719-493C-A34A-808E08D74BEE}.Debug|x86.ActiveCfg = Debug|Any CPU
		{B884B15F-4719-493C-A34A-808E08D74BEE}.Debug|x86.Build.0 = Debug|Any CPU
		{B884B15F-4719-493C-A34A-808E08D74BEE}.Release|Any CPU.ActiveCfg = Release|Any CPU
		{B884B15F-4719-493C-A34A-808E08D74BEE}.Release|Any CPU.Build.0 = Release|Any CPU
		{B884B15F-4719-493C-A34A-808E08D74BEE}.Release|x64.ActiveCfg = Release|Any CPU
		{B884B15F-4719-493C-A34A-808E08D74BEE}.Release|x64.Build.0 = Release|Any CPU
		{B884B15F-4719-493C-A34A-808E08D74BEE}.Release|x86.ActiveCfg = Release|Any CPU
		{B884B15F-4719-493C-A34A-808E08D74BEE}.Release|x86.Build.0 = Release|Any CPU
		{1C678665-6216-4E53-B3C0-C5FD0D616945}.Debug|Any CPU.ActiveCfg = Debug|Any CPU
		{1C678665-6216-4E53-B3C0-C5FD0D616945}.Debug|Any CPU.Build.0 = Debug|Any CPU
		{1C678665-6216-4E53-B3C0-C5FD0D616945}.Debug|x64.ActiveCfg = Debug|Any CPU
		{1C678665-6216-4E53-B3C0-C5FD0D616945}.Debug|x64.Build.0 = Debug|Any CPU
		{1C678665-6216-4E53-B3C0-C5FD0D616945}.Debug|x86.ActiveCfg = Debug|Any CPU
		{1C678665-6216-4E53-B3C0-C5FD0D616945}.Debug|x86.Build.0 = Debug|Any CPU
		{1C678665-6216-4E53-B3C0-C5FD0D616945}.Release|Any CPU.ActiveCfg = Release|Any CPU
		{1C678665-6216-4E53-B3C0-C5FD0D616945}.Release|Any CPU.Build.0 = Release|Any CPU
		{1C678665-6216-4E53-B3C0-C5FD0D616945}.Release|x64.ActiveCfg = Release|Any CPU
		{1C678665-6216-4E53-B3C0-C5FD0D616945}.Release|x64.Build.0 = Release|Any CPU
		{1C678665-6216-4E53-B3C0-C5FD0D616945}.Release|x86.ActiveCfg = Release|Any CPU
		{1C678665-6216-4E53-B3C0-C5FD0D616945}.Release|x86.Build.0 = Release|Any CPU
	EndGlobalSection
	GlobalSection(SolutionProperties) = preSolution
		HideSolutionNode = FALSE
	EndGlobalSection
EndGlobal
